
Microsoft Visual Studio Solution File, Format Version 12.00
# Visual Studio 15
VisualStudioVersion = 15.0.27130.2036
MinimumVisualStudioVersion = 10.0.40219.1
Project("{9A19103F-16F7-4668-BE54-9A1E7A4F7556}") = "HiveStoreNGCoreApp.Web", "HiveStoreNGCoreApp.Web\HiveStoreNGCoreApp.Web.csproj", "{CF9D6481-E6DB-4491-B612-6E9198AF7AD9}"
EndProject
Project("{9A19103F-16F7-4668-BE54-9A1E7A4F7556}") = "HiveStore.Entity", "HiveStore.Entity\HiveStore.Entity.csproj", "{3DD0F5A2-29E0-407B-9D3E-22F094F320F3}"
EndProject
Project("{9A19103F-16F7-4668-BE54-9A1E7A4F7556}") = "HiveStore.DataAccess", "HiveStore.DataAccess\HiveStore.DataAccess.csproj", "{8A19E6BA-DA7A-4AA1-8A7D-751238325375}"
EndProject
Project("{00D1A9C2-B5F0-4AF3-8072-F6C62B433612}") = "HiveStore.Database", "HiveStore.Database\HiveStore.Database.sqlproj", "{18F364CC-AD7E-4634-BFC4-149A6C3FC042}"
EndProject
Project("{151D2E53-A2C4-4D7D-83FE-D05416EBD58E}") = "HiveStore.AzureResourceGroup", "HiveStore.AzureResourceGroup\HiveStore.AzureResourceGroup.deployproj", "{0A1E9CE2-44DB-4D09-9D1D-8413B8700C10}"
EndProject
Global
	GlobalSection(SolutionConfigurationPlatforms) = preSolution
		Debug|Any CPU = Debug|Any CPU
		Release|Any CPU = Release|Any CPU
	EndGlobalSection
	GlobalSection(ProjectConfigurationPlatforms) = postSolution
		{CF9D6481-E6DB-4491-B612-6E9198AF7AD9}.Debug|Any CPU.ActiveCfg = Debug|Any CPU
		{CF9D6481-E6DB-4491-B612-6E9198AF7AD9}.Debug|Any CPU.Build.0 = Debug|Any CPU
		{CF9D6481-E6DB-4491-B612-6E9198AF7AD9}.Release|Any CPU.ActiveCfg = Release|Any CPU
		{CF9D6481-E6DB-4491-B612-6E9198AF7AD9}.Release|Any CPU.Build.0 = Release|Any CPU
		{3DD0F5A2-29E0-407B-9D3E-22F094F320F3}.Debug|Any CPU.ActiveCfg = Debug|Any CPU
		{3DD0F5A2-29E0-407B-9D3E-22F094F320F3}.Debug|Any CPU.Build.0 = Debug|Any CPU
		{3DD0F5A2-29E0-407B-9D3E-22F094F320F3}.Release|Any CPU.ActiveCfg = Release|Any CPU
		{3DD0F5A2-29E0-407B-9D3E-22F094F320F3}.Release|Any CPU.Build.0 = Release|Any CPU
		{8A19E6BA-DA7A-4AA1-8A7D-751238325375}.Debug|Any CPU.ActiveCfg = Debug|Any CPU
		{8A19E6BA-DA7A-4AA1-8A7D-751238325375}.Debug|Any CPU.Build.0 = Debug|Any CPU
		{8A19E6BA-DA7A-4AA1-8A7D-751238325375}.Release|Any CPU.ActiveCfg = Release|Any CPU
		{8A19E6BA-DA7A-4AA1-8A7D-751238325375}.Release|Any CPU.Build.0 = Release|Any CPU
		{18F364CC-AD7E-4634-BFC4-149A6C3FC042}.Debug|Any CPU.ActiveCfg = Debug|Any CPU
		{18F364CC-AD7E-4634-BFC4-149A6C3FC042}.Debug|Any CPU.Build.0 = Debug|Any CPU
		{18F364CC-AD7E-4634-BFC4-149A6C3FC042}.Debug|Any CPU.Deploy.0 = Debug|Any CPU
		{18F364CC-AD7E-4634-BFC4-149A6C3FC042}.Release|Any CPU.ActiveCfg = Release|Any CPU
		{18F364CC-AD7E-4634-BFC4-149A6C3FC042}.Release|Any CPU.Build.0 = Release|Any CPU
		{18F364CC-AD7E-4634-BFC4-149A6C3FC042}.Release|Any CPU.Deploy.0 = Release|Any CPU
		{0A1E9CE2-44DB-4D09-9D1D-8413B8700C10}.Debug|Any CPU.ActiveCfg = Debug|Any CPU
		{0A1E9CE2-44DB-4D09-9D1D-8413B8700C10}.Debug|Any CPU.Build.0 = Debug|Any CPU
		{0A1E9CE2-44DB-4D09-9D1D-8413B8700C10}.Release|Any CPU.ActiveCfg = Release|Any CPU
		{0A1E9CE2-44DB-4D09-9D1D-8413B8700C10}.Release|Any CPU.Build.0 = Release|Any CPU
	EndGlobalSection
	GlobalSection(SolutionProperties) = preSolution
		HideSolutionNode = FALSE
	EndGlobalSection
	GlobalSection(ExtensibilityGlobals) = postSolution
		SolutionGuid = {E225F1A6-6D1D-4104-8B53-DC5AFE016E7F}
	EndGlobalSection
EndGlobal
